
Microsoft Visual Studio Solution File, Format Version 12.00
# Visual Studio 2012
Project("{FAE04EC0-301F-11D3-BF4B-00C04F79EFBC}") = "EPiServer Samples", "EPiServer-Samples\EPiServer-Samples.csproj", "{E664F475-DD9B-422A-AFCD-0CB67CA68DDC}"
EndProject
Global
	GlobalSection(SolutionConfigurationPlatforms) = preSolution
		Debug|Any CPU = Debug|Any CPU
		Release|Any CPU = Release|Any CPU
	EndGlobalSection
	GlobalSection(ProjectConfigurationPlatforms) = postSolution
		{E664F475-DD9B-422A-AFCD-0CB67CA68DDC}.Debug|Any CPU.ActiveCfg = Debug|Any CPU
		{E664F475-DD9B-422A-AFCD-0CB67CA68DDC}.Debug|Any CPU.Build.0 = Debug|Any CPU
		{E664F475-DD9B-422A-AFCD-0CB67CA68DDC}.Release|Any CPU.ActiveCfg = Release|Any CPU
		{E664F475-DD9B-422A-AFCD-0CB67CA68DDC}.Release|Any CPU.Build.0 = Release|Any CPU
	EndGlobalSection
	GlobalSection(SolutionProperties) = preSolution
		HideSolutionNode = FALSE
	EndGlobalSection
EndGlobal
